
Microsoft Visual Studio Solution File, Format Version 12.00
# Visual Studio 15
VisualStudioVersion = 15.0.27703.2035
MinimumVisualStudioVersion = 10.0.40219.1
Project("{FAE04EC0-301F-11D3-BF4B-00C04F79EFBC}") = "UniversalProject", "UniversalProject\UniversalProject.csproj", "{8763D9F9-0D5A-4DC9-A810-9A927E7B3922}"
EndProject
Global
	GlobalSection(SolutionConfigurationPlatforms) = preSolution
		Debug|Any CPU = Debug|Any CPU
		Release|Any CPU = Release|Any CPU
	EndGlobalSection
	GlobalSection(ProjectConfigurationPlatforms) = postSolution
		{8763D9F9-0D5A-4DC9-A810-9A927E7B3922}.Debug|Any CPU.ActiveCfg = Debug|Any CPU
		{8763D9F9-0D5A-4DC9-A810-9A927E7B3922}.Debug|Any CPU.Build.0 = Debug|Any CPU
		{8763D9F9-0D5A-4DC9-A810-9A927E7B3922}.Release|Any CPU.ActiveCfg = Release|Any CPU
		{8763D9F9-0D5A-4DC9-A810-9A927E7B3922}.Release|Any CPU.Build.0 = Release|Any CPU
	EndGlobalSection
	GlobalSection(SolutionProperties) = preSolution
		HideSolutionNode = FALSE
	EndGlobalSection
	GlobalSection(ExtensibilityGlobals) = postSolution
		SolutionGuid = {A93E8044-81A8-49B0-9318-68D42181CE4D}
	EndGlobalSection
EndGlobal
